{
  "name": "extract-microcms",
  "version": "1.0.0",
  "lockfileVersion": 3,
  "requires": true,
  "packages": {
    "": {
      "name": "extract-microcms",
      "version": "1.0.0",
      "license": "ISC",
      "dependencies": {
        "dotenv": "^16.3.1",
        "microcms-js-sdk": "^3.2.0",
        "rich-editor-to-markdown-parser": "^1.2.0"
      }
    },
    "node_modules/async-retry": {
      "version": "1.3.3",
      "resolved": "https://registry.npmjs.org/async-retry/-/async-retry-1.3.3.tgz",
      "integrity": "sha512-wfr/jstw9xNi/0teMHrRW7dsz3Lt5ARhYNZ2ewpadnhaIp5mbALhOAP+EAdsC7t4Z6wqsDVv9+W6gm1Dk9mEyw==",
      "license": "MIT",
      "dependencies": {
        "retry": "0.13.1"
      }
    },
    "node_modules/dom-serializer": {
      "version": "2.0.0",
      "resolved": "https://registry.npmjs.org/dom-serializer/-/dom-serializer-2.0.0.tgz",
      "integrity": "sha512-wIkAryiqt/nV5EQKqQpo3SToSOV9J0DnbJqwK7Wv/Trc92zIAYZ4FlMu+JPFW1DfGFt81ZTCGgDEabffXeLyJg==",
      "license": "MIT",
      "dependencies": {
        "domelementtype": "^2.3.0",
        "domhandler": "^5.0.2",
        "entities": "^4.2.0"
      },
      "funding": {
        "url": "https://github.com/cheeriojs/dom-serializer?sponsor=1"
      }
    },
    "node_modules/dom-serializer/node_modules/entities": {
      "version": "4.5.0",
      "resolved": "https://registry.npmjs.org/entities/-/entities-4.5.0.tgz",
      "integrity": "sha512-V0hjH4dGPh9Ao5p0MoRY6BVqtwCjhz6vI5LT8AJ55H+4g9/4vbHx1I54fS0XuclLhDHArPQCiMjDxjaL8fPxhw==",
      "license": "BSD-2-Clause",
      "engines": {
        "node": ">=0.12"
      },
      "funding": {
        "url": "https://github.com/fb55/entities?sponsor=1"
      }
    },
    "node_modules/domelementtype": {
      "version": "2.3.0",
      "resolved": "https://registry.npmjs.org/domelementtype/-/domelementtype-2.3.0.tgz",
      "integrity": "sha512-OLETBj6w0OsagBwdXnPdN0cnMfF9opN69co+7ZrbfPGrdpPVNBUj02spi6B1N7wChLQiPn4CSH/zJvXw56gmHw==",
      "funding": [
        {
          "type": "github",
          "url": "https://github.com/sponsors/fb55"
        }
      ],
      "license": "BSD-2-Clause"
    },
    "node_modules/domhandler": {
      "version": "5.0.3",
      "resolved": "https://registry.npmjs.org/domhandler/-/domhandler-5.0.3.tgz",
      "integrity": "sha512-cgwlv/1iFQiFnU96XXgROh8xTeetsnJiDsTc7TYCLFd9+/WNkIqPTxiM/8pSd8VIrhXGTf1Ny1q1hquVqDJB5w==",
      "license": "BSD-2-Clause",
      "dependencies": {
        "domelementtype": "^2.3.0"
      },
      "engines": {
        "node": ">= 4"
      },
      "funding": {
        "url": "https://github.com/fb55/domhandler?sponsor=1"
      }
    },
    "node_modules/domutils": {
      "version": "3.2.2",
      "resolved": "https://registry.npmjs.org/domutils/-/domutils-3.2.2.tgz",
      "integrity": "sha512-6kZKyUajlDuqlHKVX1w7gyslj9MPIXzIFiz/rGu35uC1wMi+kMhQwGhl4lt9unC9Vb9INnY9Z3/ZA3+FhASLaw==",
      "license": "BSD-2-Clause",
      "dependencies": {
        "dom-serializer": "^2.0.0",
        "domelementtype": "^2.3.0",
        "domhandler": "^5.0.3"
      },
      "funding": {
        "url": "https://github.com/fb55/domutils?sponsor=1"
      }
    },
    "node_modules/dotenv": {
      "version": "16.4.7",
      "resolved": "https://registry.npmjs.org/dotenv/-/dotenv-16.4.7.tgz",
      "integrity": "sha512-47qPchRCykZC03FhkYAhrvwU4xDBFIj1QPqaarj6mdM/hgUzfPHcpkHJOn3mJAufFeeAxAzeGsr5X0M4k6fLZQ==",
      "license": "BSD-2-Clause",
      "engines": {
        "node": ">=12"
      },
      "funding": {
        "url": "https://dotenvx.com"
      }
    },
    "node_modules/entities": {
      "version": "6.0.0",
      "resolved": "https://registry.npmjs.org/entities/-/entities-6.0.0.tgz",
      "integrity": "sha512-aKstq2TDOndCn4diEyp9Uq/Flu2i1GlLkc6XIDQSDMuaFE3OPW5OphLCyQ5SpSJZTb4reN+kTcYru5yIfXoRPw==",
      "license": "BSD-2-Clause",
      "engines": {
        "node": ">=0.12"
      },
      "funding": {
        "url": "https://github.com/fb55/entities?sponsor=1"
      }
    },
    "node_modules/html-dom-parser": {
      "version": "5.0.13",
      "resolved": "https://registry.npmjs.org/html-dom-parser/-/html-dom-parser-5.0.13.tgz",
      "integrity": "sha512-B7JonBuAfG32I7fDouUQEogBrz3jK9gAuN1r1AaXpED6dIhtg/JwiSRhjGL7aOJwRz3HU4efowCjQBaoXiREqg==",
      "license": "MIT",
      "dependencies": {
        "domhandler": "5.0.3",
        "htmlparser2": "10.0.0"
      }
    },
    "node_modules/htmlparser2": {
      "version": "10.0.0",
      "resolved": "https://registry.npmjs.org/htmlparser2/-/htmlparser2-10.0.0.tgz",
      "integrity": "sha512-TwAZM+zE5Tq3lrEHvOlvwgj1XLWQCtaaibSN11Q+gGBAS7Y1uZSWwXXRe4iF6OXnaq1riyQAPFOBtYc77Mxq0g==",
      "funding": [
        "https://github.com/fb55/htmlparser2?sponsor=1",
        {
          "type": "github",
          "url": "https://github.com/sponsors/fb55"
        }
      ],
      "license": "MIT",
      "dependencies": {
        "domelementtype": "^2.3.0",
        "domhandler": "^5.0.3",
        "domutils": "^3.2.1",
        "entities": "^6.0.0"
      }
    },
    "node_modules/microcms-js-sdk": {
      "version": "3.2.0",
      "resolved": "https://registry.npmjs.org/microcms-js-sdk/-/microcms-js-sdk-3.2.0.tgz",
      "integrity": "sha512-08TyGuBg3oBU27CUT0rn7GDgLu58pZ9F3aBpAa5boJJsllkz9BosLWsqOM9dfGTcVOga+/9tMtwHtmq17MK2KQ==",
      "license": "Apache-2.0",
      "dependencies": {
        "async-retry": "^1.3.3"
      },
      "engines": {
        "node": ">=18.0.0"
      }
    },
    "node_modules/retry": {
      "version": "0.13.1",
      "resolved": "https://registry.npmjs.org/retry/-/retry-0.13.1.tgz",
      "integrity": "sha512-XQBQ3I8W1Cge0Seh+6gjj03LbmRFWuoszgK9ooCpwYIrhhoO80pfq4cUkU5DkknwfOfFteRwlZ56PYOGYyFWdg==",
      "license": "MIT",
      "engines": {
        "node": ">= 4"
      }
    },
    "node_modules/rich-editor-to-markdown-parser": {
      "version": "1.2.0",
      "resolved": "https://registry.npmjs.org/rich-editor-to-markdown-parser/-/rich-editor-to-markdown-parser-1.2.0.tgz",
      "integrity": "sha512-IRd9Pb/4tel9j/vh1elByywvFSFzVoEzczeXeQ2sn2D0sYivR/ejWwLVR/pRxn02C0oHp0gOG4lFxNzBRpQDWw==",
      "license": "MIT",
      "dependencies": {
        "html-dom-parser": "^5.0.4"
      }
    }
  }
}
